
Microsoft Visual Studio Solution File, Format Version 12.00
# Visual Studio Version 16
VisualStudioVersion = 16.0.30907.101
MinimumVisualStudioVersion = 10.0.40219.1
Project("{FAE04EC0-301F-11D3-BF4B-00C04F79EFBC}") = "DataAccess", "DataAccess\DataAccess.csproj", "{DE05C919-BEDD-431B-9413-DC7E85DB12E0}"
EndProject
Project("{FAE04EC0-301F-11D3-BF4B-00C04F79EFBC}") = "Business", "Business\Business.csproj", "{19467BFA-A4C4-45BB-B92B-9FAA90354AC3}"
EndProject
Project("{FAE04EC0-301F-11D3-BF4B-00C04F79EFBC}") = "Entities", "Entities\Entities.csproj", "{D4080662-C509-4B54-96D8-6F1FBC1598E0}"
EndProject
Project("{FAE04EC0-301F-11D3-BF4B-00C04F79EFBC}") = "ConsoleUI", "ConsoleUI\ConsoleUI.csproj", "{3FB5AA35-CF68-45DE-988A-4F293A5A83E3}"
EndProject
Global
	GlobalSection(SolutionConfigurationPlatforms) = preSolution
		Debug|Any CPU = Debug|Any CPU
		Release|Any CPU = Release|Any CPU
	EndGlobalSection
	GlobalSection(ProjectConfigurationPlatforms) = postSolution
		{DE05C919-BEDD-431B-9413-DC7E85DB12E0}.Debug|Any CPU.ActiveCfg = Debug|Any CPU
		{DE05C919-BEDD-431B-9413-DC7E85DB12E0}.Debug|Any CPU.Build.0 = Debug|Any CPU
		{DE05C919-BEDD-431B-9413-DC7E85DB12E0}.Release|Any CPU.ActiveCfg = Release|Any CPU
		{DE05C919-BEDD-431B-9413-DC7E85DB12E0}.Release|Any CPU.Build.0 = Release|Any CPU
		{19467BFA-A4C4-45BB-B92B-9FAA90354AC3}.Debug|Any CPU.ActiveCfg = Debug|Any CPU
		{19467BFA-A4C4-45BB-B92B-9FAA90354AC3}.Debug|Any CPU.Build.0 = Debug|Any CPU
		{19467BFA-A4C4-45BB-B92B-9FAA90354AC3}.Release|Any CPU.ActiveCfg = Release|Any CPU
		{19467BFA-A4C4-45BB-B92B-9FAA90354AC3}.Release|Any CPU.Build.0 = Release|Any CPU
		{D4080662-C509-4B54-96D8-6F1FBC1598E0}.Debug|Any CPU.ActiveCfg = Debug|Any CPU
		{D4080662-C509-4B54-96D8-6F1FBC1598E0}.Debug|Any CPU.Build.0 = Debug|Any CPU
		{D4080662-C509-4B54-96D8-6F1FBC1598E0}.Release|Any CPU.ActiveCfg = Release|Any CPU
		{D4080662-C509-4B54-96D8-6F1FBC1598E0}.Release|Any CPU.Build.0 = Release|Any CPU
		{3FB5AA35-CF68-45DE-988A-4F293A5A83E3}.Debug|Any CPU.ActiveCfg = Debug|Any CPU
		{3FB5AA35-CF68-45DE-988A-4F293A5A83E3}.Debug|Any CPU.Build.0 = Debug|Any CPU
		{3FB5AA35-CF68-45DE-988A-4F293A5A83E3}.Release|Any CPU.ActiveCfg = Release|Any CPU
		{3FB5AA35-CF68-45DE-988A-4F293A5A83E3}.Release|Any CPU.Build.0 = Release|Any CPU
	EndGlobalSection
	GlobalSection(SolutionProperties) = preSolution
		HideSolutionNode = FALSE
	EndGlobalSection
	GlobalSection(ExtensibilityGlobals) = postSolution
		SolutionGuid = {3771D744-3B63-4FDF-AED7-78E40FC9FEA6}
	EndGlobalSection
EndGlobal
